# THIS IS AN AUTOGENERATED FILE. DO NOT EDIT THIS FILE DIRECTLY.
# yarn lockfile v1


argparse@^1.0.2:
  version "1.0.9"
  resolved "https://registry.yarnpkg.com/argparse/-/argparse-1.0.9.tgz#73d83bc263f86e97f8cc4f6bae1b0e90a7d22c86"
  dependencies:
    sprintf-js "~1.0.2"

bluebird@^3.5.1:
  version "3.5.1"
  resolved "https://registry.yarnpkg.com/bluebird/-/bluebird-3.5.1.tgz#d9551f9de98f1fcda1e683d17ee91a0602ee2eb9"

esprima@^2.6.0:
  version "2.7.3"
  resolved "https://registry.yarnpkg.com/esprima/-/esprima-2.7.3.tgz#96e3b70d5779f6ad49cd032673d1c312767ba581"

js-yaml@~3.5.5:
  version "3.5.5"
  resolved "https://registry.yarnpkg.com/js-yaml/-/js-yaml-3.5.5.tgz#0377c38017cabc7322b0d1fbcd25a491641f2fbe"
  dependencies:
    argparse "^1.0.2"
    esprima "^2.6.0"

marked@~0.3.6:
  version "0.3.6"
  resolved "https://registry.yarnpkg.com/marked/-/marked-0.3.6.tgz#b2c6c618fccece4ef86c4fc6cb8a7cbf5aeda8d7"

meta-marked@^0.4.2:
  version "0.4.2"
  resolved "https://registry.yarnpkg.com/meta-marked/-/meta-marked-0.4.2.tgz#4a1fae344f53d7040aacabb723e2f432a37455f8"
  dependencies:
    js-yaml "~3.5.5"
    marked "~0.3.6"

sprintf-js@~1.0.2:
  version "1.0.3"
  resolved "https://registry.yarnpkg.com/sprintf-js/-/sprintf-js-1.0.3.tgz#04e6926f662895354f3dd015203633b857297e2c"
